<?xml version="1.0" encoding="utf-8"?>
<Project ToolsVersion="4.0" xmlns="http://schemas.microsoft.com/developer/msbuild/2003">
  <ItemGroup>
    <Filter Include="Source Files">
      <UniqueIdentifier>{4FC737F1-C7A5-4376-A066-2A32D752A2FF}</UniqueIdentifier>
      <Extensions>cpp;c;cc;cxx;def;odl;idl;hpj;bat;asm;asmx</Extensions>
    </Filter>
    <Filter Include="Header Files">
      <UniqueIdentifier>{93995380-89BD-4b04-88EB-625FBE52EBFB}</UniqueIdentifier>
      <Extensions>h;hpp;hxx;hm;inl;inc;xsd</Extensions>
    </Filter>
    <Filter Include="Resource Files">
      <UniqueIdentifier>{67DA6AB6-F800-4c08-8B7A-83BB121AAD01}</UniqueIdentifier>
      <Extensions>rc;ico;cur;bmp;dlg;rc2;rct;bin;rgs;gif;jpg;jpeg;jpe;resx;tiff;tif;png;wav</Extensions>
    </Filter>
    <Filter Include="Include Files">
      <UniqueIdentifier>{cdf46974-ca1a-48f9-8ada-6ea4904583ba}</UniqueIdentifier>
    </Filter>
  </ItemGroup>
  <ItemGroup>
    <ClCompile Include="AboutDialog.cpp">
      <Filter>Source Files</Filter>
    </ClCompile>
    <ClCompile Include="MainDialog.cpp">
      <Filter>Source Files</Filter>
    </ClCompile>
    <ClCompile Include="stdafx.cpp">
      <Filter>Source Files</Filter>
    </ClCompile>
    <ClCompile Include="SkinUIDemo.cpp">
      <Filter>Source Files</Filter>
    </ClCompile>
    <ClCompile Include="ScrollBarDialog.cpp">
      <Filter>Source Files</Filter>
    </ClCompile>
    <ClCompile Include="SlideAnimationDialog.cpp">
      <Filter>Source Files</Filter>
    </ClCompile>
    <ClCompile Include="HideAnimationDialog.cpp">
      <Filter>Source Files</Filter>
    </ClCompile>
    <ClCompile Include="HyperlinkDialog.cpp">
      <Filter>Source Files</Filter>
    </ClCompile>
    <ClCompile Include="ImageViewDialog.cpp">
      <Filter>Source Files</Filter>
    </ClCompile>
    <ClCompile Include="ButtonDialog.cpp">
      <Filter>Source Files</Filter>
    </ClCompile>
    <ClCompile Include="CheckBoxDialog.cpp">
      <Filter>Source Files</Filter>
    </ClCompile>
    <ClCompile Include="RadioButtonDialog.cpp">
      <Filter>Source Files</Filter>
    </ClCompile>
    <ClCompile Include="EditViewDialog.cpp">
      <Filter>Source Files</Filter>
    </ClCompile>
    <ClCompile Include="ComboBoxDialog.cpp">
      <Filter>Source Files</Filter>
    </ClCompile>
    <ClCompile Include="ProgressDialog.cpp">
      <Filter>Source Files</Filter>
    </ClCompile>
    <ClCompile Include="SliderDialog.cpp">
      <Filter>Source Files</Filter>
    </ClCompile>
    <ClCompile Include="ListViewDialog.cpp">
      <Filter>Source Files</Filter>
    </ClCompile>
    <ClCompile Include="TreeViewDialog.cpp">
      <Filter>Source Files</Filter>
    </ClCompile>
    <ClCompile Include="GridViewDialog.cpp">
      <Filter>Source Files</Filter>
    </ClCompile>
    <ClCompile Include="IEWebDialog.cpp">
      <Filter>Source Files</Filter>
    </ClCompile>
    <ClCompile Include="CefWebDialog.cpp">
      <Filter>Source Files</Filter>
    </ClCompile>
    <ClCompile Include="IEWebView.cpp">
      <Filter>Source Files</Filter>
    </ClCompile>
    <ClCompile Include="CefWebView.cpp">
      <Filter>Source Files</Filter>
    </ClCompile>
    <ClCompile Include="DateViewDialog.cpp">
      <Filter>Source Files</Filter>
    </ClCompile>
    <ClCompile Include="TimeViewDialog.cpp">
      <Filter>Source Files</Filter>
    </ClCompile>
  </ItemGroup>
  <ItemGroup>
    <ClInclude Include="AboutDialog.h">
      <Filter>Header Files</Filter>
    </ClInclude>
    <ClInclude Include="MainDialog.h">
      <Filter>Header Files</Filter>
    </ClInclude>
    <ClInclude Include="Resource.h">
      <Filter>Header Files</Filter>
    </ClInclude>
    <ClInclude Include="stdafx.h">
      <Filter>Header Files</Filter>
    </ClInclude>
    <ClInclude Include="targetver.h">
      <Filter>Header Files</Filter>
    </ClInclude>
    <ClInclude Include="..\Include\SkinUI\SkinApplication.h">
      <Filter>Include Files</Filter>
    </ClInclude>
    <ClInclude Include="..\Include\SkinUI\SkinCommon.h">
      <Filter>Include Files</Filter>
    </ClInclude>
    <ClInclude Include="..\Include\SkinUI\SkinControl.h">
      <Filter>Include Files</Filter>
    </ClInclude>
    <ClInclude Include="..\Include\SkinUI\SkinDefine.h">
      <Filter>Include Files</Filter>
    </ClInclude>
    <ClInclude Include="..\Include\SkinUI\SkinDialog.h">
      <Filter>Include Files</Filter>
    </ClInclude>
    <ClInclude Include="..\Include\SkinUI\SkinFunction.h">
      <Filter>Include Files</Filter>
    </ClInclude>
    <ClInclude Include="..\Include\SkinUI\SkinUI.h">
      <Filter>Include Files</Filter>
    </ClInclude>
    <ClInclude Include="..\Include\SkinUI\SkinView.h">
      <Filter>Include Files</Filter>
    </ClInclude>
    <ClInclude Include="..\Include\SkinUI\SkinWindow.h">
      <Filter>Include Files</Filter>
    </ClInclude>
    <ClInclude Include="SkinUIDemo.h">
      <Filter>Header Files</Filter>
    </ClInclude>
    <ClInclude Include="ScrollBarDialog.h">
      <Filter>Header Files</Filter>
    </ClInclude>
    <ClInclude Include="SlideAnimationDialog.h">
      <Filter>Header Files</Filter>
    </ClInclude>
    <ClInclude Include="HideAnimationDialog.h">
      <Filter>Header Files</Filter>
    </ClInclude>
    <ClInclude Include="HyperlinkDialog.h">
      <Filter>Header Files</Filter>
    </ClInclude>
    <ClInclude Include="ImageViewDialog.h">
      <Filter>Header Files</Filter>
    </ClInclude>
    <ClInclude Include="ButtonDialog.h">
      <Filter>Header Files</Filter>
    </ClInclude>
    <ClInclude Include="CheckBoxDialog.h">
      <Filter>Header Files</Filter>
    </ClInclude>
    <ClInclude Include="RadioButtonDialog.h">
      <Filter>Header Files</Filter>
    </ClInclude>
    <ClInclude Include="EditViewDialog.h">
      <Filter>Header Files</Filter>
    </ClInclude>
    <ClInclude Include="ComboBoxDialog.h">
      <Filter>Header Files</Filter>
    </ClInclude>
    <ClInclude Include="ProgressDialog.h">
      <Filter>Header Files</Filter>
    </ClInclude>
    <ClInclude Include="SliderDialog.h">
      <Filter>Header Files</Filter>
    </ClInclude>
    <ClInclude Include="ListViewDialog.h">
      <Filter>Header Files</Filter>
    </ClInclude>
    <ClInclude Include="TreeViewDialog.h">
      <Filter>Header Files</Filter>
    </ClInclude>
    <ClInclude Include="GridViewDialog.h">
      <Filter>Header Files</Filter>
    </ClInclude>
    <ClInclude Include="IEWebDialog.h">
      <Filter>Header Files</Filter>
    </ClInclude>
    <ClInclude Include="CefWebDialog.h">
      <Filter>Header Files</Filter>
    </ClInclude>
    <ClInclude Include="DateViewDialog.h">
      <Filter>Header Files</Filter>
    </ClInclude>
    <ClInclude Include="TimeViewDialog.h">
      <Filter>Header Files</Filter>
    </ClInclude>
  </ItemGroup>
  <ItemGroup>
    <ResourceCompile Include="Demo.rc">
      <Filter>Resource Files</Filter>
    </ResourceCompile>
  </ItemGroup>
  <ItemGroup>
    <Image Include="Demo.ico">
      <Filter>Resource Files</Filter>
    </Image>
  </ItemGroup>
</Project>