<?xml version="1.0" encoding="utf-8"?>
<Project ToolsVersion="4.0" xmlns="http://schemas.microsoft.com/developer/msbuild/2003">
  <ItemGroup>
    <Filter Include="Source Files">
      <UniqueIdentifier>{4FC737F1-C7A5-4376-A066-2A32D752A2FF}</UniqueIdentifier>
      <Extensions>cpp;c;cc;cxx;def;odl;idl;hpj;bat;asm;asmx</Extensions>
    </Filter>
    <Filter Include="Header Files">
      <UniqueIdentifier>{93995380-89BD-4b04-88EB-625FBE52EBFB}</UniqueIdentifier>
      <Extensions>h;hpp;hxx;hm;inl;inc;xsd</Extensions>
    </Filter>
    <Filter Include="Resources Files">
      <UniqueIdentifier>{67DA6AB6-F800-4c08-8B7A-83BB121AAD01}</UniqueIdentifier>
      <Extensions>rc;ico;cur;bmp;dlg;rc2;rct;bin;rgs;gif;jpg;jpeg;jpe;resx;tiff;tif;png;wav</Extensions>
    </Filter>
    <Filter Include="Include File">
      <UniqueIdentifier>{1eda9689-ec02-40b7-987e-ee5666ebb819}</UniqueIdentifier>
    </Filter>
    <Filter Include="Control">
      <UniqueIdentifier>{7232a847-b4bc-4a2b-96ca-af79047b6cef}</UniqueIdentifier>
    </Filter>
    <Filter Include="Dialog">
      <UniqueIdentifier>{2ed6a932-fad5-4225-80d3-43cf69b680f3}</UniqueIdentifier>
    </Filter>
    <Filter Include="Layout">
      <UniqueIdentifier>{3631a530-897e-428d-8fba-dc2eedc98f15}</UniqueIdentifier>
    </Filter>
    <Filter Include="Logic">
      <UniqueIdentifier>{b05a366f-3bd8-4064-b395-4e31fb7679b9}</UniqueIdentifier>
    </Filter>
    <Filter Include="Control\Header Files">
      <UniqueIdentifier>{4807b304-9f03-4f58-97c8-d8561b550fc1}</UniqueIdentifier>
    </Filter>
    <Filter Include="Dialog\Header Files">
      <UniqueIdentifier>{3dc4ac73-4c58-483b-8dd4-9d76c81b24d1}</UniqueIdentifier>
    </Filter>
    <Filter Include="Layout\Header Files">
      <UniqueIdentifier>{91e739a0-caaa-433e-bd3c-730f81441b47}</UniqueIdentifier>
    </Filter>
    <Filter Include="Logic\Header Files">
      <UniqueIdentifier>{6a7966b0-8e9e-4587-80fc-1e0af7f145e0}</UniqueIdentifier>
    </Filter>
    <Filter Include="Control\Source Files">
      <UniqueIdentifier>{d83da8db-fbc0-4716-b350-1604cd3814a8}</UniqueIdentifier>
    </Filter>
    <Filter Include="Dialog\Source Files">
      <UniqueIdentifier>{780bd02b-d201-44a1-a6ae-c5d56bd34b87}</UniqueIdentifier>
    </Filter>
    <Filter Include="Layout\Source Files">
      <UniqueIdentifier>{4a88ae87-757e-4436-9373-e3338220ab29}</UniqueIdentifier>
    </Filter>
    <Filter Include="Logic\Source Files">
      <UniqueIdentifier>{e75a9365-b078-4b8d-80cd-5ad7234e2642}</UniqueIdentifier>
    </Filter>
  </ItemGroup>
  <ItemGroup>
    <ClCompile Include="stdafx.cpp">
      <Filter>Source Files</Filter>
    </ClCompile>
    <ClCompile Include="IMClient.cpp">
      <Filter>Source Files</Filter>
    </ClCompile>
    <ClCompile Include="MainDialog.cpp">
      <Filter>Dialog\Source Files</Filter>
    </ClCompile>
    <ClCompile Include="LoginLayout.cpp">
      <Filter>Layout\Source Files</Filter>
    </ClCompile>
    <ClCompile Include="MainLayout.cpp">
      <Filter>Layout\Source Files</Filter>
    </ClCompile>
    <ClCompile Include="DeptInfoLayout.cpp">
      <Filter>Layout\Source Files</Filter>
    </ClCompile>
    <ClCompile Include="GroupInfoLayout.cpp">
      <Filter>Layout\Source Files</Filter>
    </ClCompile>
    <ClCompile Include="UserInfoLayout.cpp">
      <Filter>Layout\Source Files</Filter>
    </ClCompile>
    <ClCompile Include="ChatLayout.cpp">
      <Filter>Layout\Source Files</Filter>
    </ClCompile>
    <ClCompile Include="ConversationDetailLayout.cpp">
      <Filter>Layout\Source Files</Filter>
    </ClCompile>
    <ClCompile Include="ConversationInfoLayout.cpp">
      <Filter>Layout\Source Files</Filter>
    </ClCompile>
    <ClCompile Include="ConversationLayout.cpp">
      <Filter>Layout\Source Files</Filter>
    </ClCompile>
    <ClCompile Include="ConversationSlideLayout.cpp">
      <Filter>Layout\Source Files</Filter>
    </ClCompile>
    <ClCompile Include="ChatMsgView.cpp">
      <Filter>Control\Source Files</Filter>
    </ClCompile>
    <ClCompile Include="CommonView.cpp">
      <Filter>Control\Source Files</Filter>
    </ClCompile>
    <ClCompile Include="ConversationView.cpp">
      <Filter>Control\Source Files</Filter>
    </ClCompile>
    <ClCompile Include="GroupView.cpp">
      <Filter>Control\Source Files</Filter>
    </ClCompile>
    <ClCompile Include="SelectUserDialog.cpp">
      <Filter>Dialog\Source Files</Filter>
    </ClCompile>
    <ClCompile Include="UserInfoDialog.cpp">
      <Filter>Dialog\Source Files</Filter>
    </ClCompile>
    <ClCompile Include="DeptStore.cpp">
      <Filter>Logic\Source Files</Filter>
    </ClCompile>
    <ClCompile Include="GroupMemberStore.cpp">
      <Filter>Logic\Source Files</Filter>
    </ClCompile>
    <ClCompile Include="GroupStore.cpp">
      <Filter>Logic\Source Files</Filter>
    </ClCompile>
    <ClCompile Include="UserStore.cpp">
      <Filter>Logic\Source Files</Filter>
    </ClCompile>
    <ClCompile Include="AddressBookLayout.cpp">
      <Filter>Layout\Source Files</Filter>
    </ClCompile>
    <ClCompile Include="ConvListStore.cpp">
      <Filter>Logic\Source Files</Filter>
    </ClCompile>
    <ClCompile Include="AppHelper.cpp">
      <Filter>Logic\Source Files</Filter>
    </ClCompile>
    <ClCompile Include="ExtInfoStore.cpp">
      <Filter>Logic\Source Files</Filter>
    </ClCompile>
    <ClCompile Include="AddressBookView.cpp">
      <Filter>Control\Source Files</Filter>
    </ClCompile>
  </ItemGroup>
  <ItemGroup>
    <ClInclude Include="Resource.h">
      <Filter>Header Files</Filter>
    </ClInclude>
    <ClInclude Include="stdafx.h">
      <Filter>Header Files</Filter>
    </ClInclude>
    <ClInclude Include="targetver.h">
      <Filter>Header Files</Filter>
    </ClInclude>
    <ClInclude Include="IMClient.h">
      <Filter>Header Files</Filter>
    </ClInclude>
    <ClInclude Include="..\Include\SkinUI\SkinApplication.h">
      <Filter>Include File</Filter>
    </ClInclude>
    <ClInclude Include="..\Include\SkinUI\SkinCommon.h">
      <Filter>Include File</Filter>
    </ClInclude>
    <ClInclude Include="..\Include\SkinUI\SkinControl.h">
      <Filter>Include File</Filter>
    </ClInclude>
    <ClInclude Include="..\Include\SkinUI\SkinDefine.h">
      <Filter>Include File</Filter>
    </ClInclude>
    <ClInclude Include="..\Include\SkinUI\SkinDialog.h">
      <Filter>Include File</Filter>
    </ClInclude>
    <ClInclude Include="..\Include\SkinUI\SkinFunction.h">
      <Filter>Include File</Filter>
    </ClInclude>
    <ClInclude Include="..\Include\SkinUI\SkinUI.h">
      <Filter>Include File</Filter>
    </ClInclude>
    <ClInclude Include="..\Include\SkinUI\SkinView.h">
      <Filter>Include File</Filter>
    </ClInclude>
    <ClInclude Include="..\Include\SkinUI\SkinWindow.h">
      <Filter>Include File</Filter>
    </ClInclude>
    <ClInclude Include="MainDialog.h">
      <Filter>Dialog\Header Files</Filter>
    </ClInclude>
    <ClInclude Include="LoginLayout.h">
      <Filter>Layout\Header Files</Filter>
    </ClInclude>
    <ClInclude Include="MainLayout.h">
      <Filter>Layout\Header Files</Filter>
    </ClInclude>
    <ClInclude Include="ChatMsgView.h">
      <Filter>Control\Header Files</Filter>
    </ClInclude>
    <ClInclude Include="CommonView.h">
      <Filter>Control\Header Files</Filter>
    </ClInclude>
    <ClInclude Include="ConversationView.h">
      <Filter>Control\Header Files</Filter>
    </ClInclude>
    <ClInclude Include="GroupView.h">
      <Filter>Control\Header Files</Filter>
    </ClInclude>
    <ClInclude Include="ChatLayout.h">
      <Filter>Layout\Header Files</Filter>
    </ClInclude>
    <ClInclude Include="ConversationDetailLayout.h">
      <Filter>Layout\Header Files</Filter>
    </ClInclude>
    <ClInclude Include="ConversationInfoLayout.h">
      <Filter>Layout\Header Files</Filter>
    </ClInclude>
    <ClInclude Include="ConversationLayout.h">
      <Filter>Layout\Header Files</Filter>
    </ClInclude>
    <ClInclude Include="ConversationSlideLayout.h">
      <Filter>Layout\Header Files</Filter>
    </ClInclude>
    <ClInclude Include="DeptInfoLayout.h">
      <Filter>Layout\Header Files</Filter>
    </ClInclude>
    <ClInclude Include="GroupInfoLayout.h">
      <Filter>Layout\Header Files</Filter>
    </ClInclude>
    <ClInclude Include="SelectUserDialog.h">
      <Filter>Dialog\Header Files</Filter>
    </ClInclude>
    <ClInclude Include="UserInfoDialog.h">
      <Filter>Dialog\Header Files</Filter>
    </ClInclude>
    <ClInclude Include="UserInfoLayout.h">
      <Filter>Layout\Header Files</Filter>
    </ClInclude>
    <ClInclude Include="Define.h">
      <Filter>Header Files</Filter>
    </ClInclude>
    <ClInclude Include="DeptStore.h">
      <Filter>Logic\Header Files</Filter>
    </ClInclude>
    <ClInclude Include="GroupMemberStore.h">
      <Filter>Logic\Header Files</Filter>
    </ClInclude>
    <ClInclude Include="GroupStore.h">
      <Filter>Logic\Header Files</Filter>
    </ClInclude>
    <ClInclude Include="UserStore.h">
      <Filter>Logic\Header Files</Filter>
    </ClInclude>
    <ClInclude Include="AddressBookLayout.h">
      <Filter>Layout\Header Files</Filter>
    </ClInclude>
    <ClInclude Include="ConvListStore.h">
      <Filter>Logic\Header Files</Filter>
    </ClInclude>
    <ClInclude Include="AppHelper.h">
      <Filter>Logic\Header Files</Filter>
    </ClInclude>
    <ClInclude Include="ExtInfoStore.h">
      <Filter>Logic\Header Files</Filter>
    </ClInclude>
    <ClInclude Include="AddressBookView.h">
      <Filter>Control\Header Files</Filter>
    </ClInclude>
  </ItemGroup>
  <ItemGroup>
    <ResourceCompile Include="IMClient.rc">
      <Filter>Resources Files</Filter>
    </ResourceCompile>
  </ItemGroup>
  <ItemGroup>
    <Image Include="IMClient.ico">
      <Filter>Resources Files</Filter>
    </Image>
  </ItemGroup>
</Project>